
Microsoft Visual Studio Solution File, Format Version 12.00
# Visual Studio 15
VisualStudioVersion = 15.0.26730.16
MinimumVisualStudioVersion = 10.0.40219.1
Project("{FAE04EC0-301F-11D3-BF4B-00C04F79EFBC}") = "StarCatalog", "StarCatalog\StarCatalog.csproj", "{5EBEA903-5C03-409C-A3D7-EC328937003A}"
EndProject
Project("{FAE04EC0-301F-11D3-BF4B-00C04F79EFBC}") = "SaveFilePlugin", "SaveBinaryPlugin\SaveFilePlugin.csproj", "{1F21AC2A-3810-4572-875C-41C42C0DAF08}"
EndProject
Project("{FAE04EC0-301F-11D3-BF4B-00C04F79EFBC}") = "CustomLinq", "CustomLinq\CustomLinq.csproj", "{29AA4B16-5C79-458A-BD93-C7B6098BD0E1}"
EndProject
Project("{FAE04EC0-301F-11D3-BF4B-00C04F79EFBC}") = "LoadFilePlugin", "LoadFilePlugin\LoadFilePlugin.csproj", "{8E1E451C-9D97-464F-BD7E-206BE246585C}"
EndProject
Global
	GlobalSection(SolutionConfigurationPlatforms) = preSolution
		Debug|Any CPU = Debug|Any CPU
		Release|Any CPU = Release|Any CPU
	EndGlobalSection
	GlobalSection(ProjectConfigurationPlatforms) = postSolution
		{5EBEA903-5C03-409C-A3D7-EC328937003A}.Debug|Any CPU.ActiveCfg = Debug|Any CPU
		{5EBEA903-5C03-409C-A3D7-EC328937003A}.Debug|Any CPU.Build.0 = Debug|Any CPU
		{5EBEA903-5C03-409C-A3D7-EC328937003A}.Release|Any CPU.ActiveCfg = Release|Any CPU
		{5EBEA903-5C03-409C-A3D7-EC328937003A}.Release|Any CPU.Build.0 = Release|Any CPU
		{1F21AC2A-3810-4572-875C-41C42C0DAF08}.Debug|Any CPU.ActiveCfg = Debug|Any CPU
		{1F21AC2A-3810-4572-875C-41C42C0DAF08}.Debug|Any CPU.Build.0 = Debug|Any CPU
		{1F21AC2A-3810-4572-875C-41C42C0DAF08}.Release|Any CPU.ActiveCfg = Release|Any CPU
		{1F21AC2A-3810-4572-875C-41C42C0DAF08}.Release|Any CPU.Build.0 = Release|Any CPU
		{29AA4B16-5C79-458A-BD93-C7B6098BD0E1}.Debug|Any CPU.ActiveCfg = Debug|Any CPU
		{29AA4B16-5C79-458A-BD93-C7B6098BD0E1}.Debug|Any CPU.Build.0 = Debug|Any CPU
		{29AA4B16-5C79-458A-BD93-C7B6098BD0E1}.Release|Any CPU.ActiveCfg = Release|Any CPU
		{29AA4B16-5C79-458A-BD93-C7B6098BD0E1}.Release|Any CPU.Build.0 = Release|Any CPU
		{8E1E451C-9D97-464F-BD7E-206BE246585C}.Debug|Any CPU.ActiveCfg = Debug|Any CPU
		{8E1E451C-9D97-464F-BD7E-206BE246585C}.Debug|Any CPU.Build.0 = Debug|Any CPU
		{8E1E451C-9D97-464F-BD7E-206BE246585C}.Release|Any CPU.ActiveCfg = Release|Any CPU
		{8E1E451C-9D97-464F-BD7E-206BE246585C}.Release|Any CPU.Build.0 = Release|Any CPU
	EndGlobalSection
	GlobalSection(SolutionProperties) = preSolution
		HideSolutionNode = FALSE
	EndGlobalSection
	GlobalSection(ExtensibilityGlobals) = postSolution
		SolutionGuid = {C6DEB675-C755-4218-8D7E-E7BA0E0D9323}
	EndGlobalSection
EndGlobal
